
Microsoft Visual Studio Solution File, Format Version 12.00
# Visual Studio 15
VisualStudioVersion = 15.0.28307.168
MinimumVisualStudioVersion = 10.0.40219.1
Project("{2150E333-8FDC-42A3-9474-1A3956D46DE8}") = "tests", "tests", "{F0213025-504E-4F69-B98D-34AB23A85001}"
EndProject
Project("{9A19103F-16F7-4668-BE54-9A1E7A4F7556}") = "BalansTests", "tests\BalansTests\BalansTests.csproj", "{7D7CF2BA-35E5-488C-BBCB-869D0F946804}"
EndProject
Project("{FAE04EC0-301F-11D3-BF4B-00C04F79EFBC}") = "Balans", "src\Balans\Balans.csproj", "{7B5F5738-8C51-4F4F-8056-DD1DB566DB46}"
EndProject
Global
	GlobalSection(SolutionConfigurationPlatforms) = preSolution
		Debug|Any CPU = Debug|Any CPU
		Release|Any CPU = Release|Any CPU
	EndGlobalSection
	GlobalSection(ProjectConfigurationPlatforms) = postSolution
		{7D7CF2BA-35E5-488C-BBCB-869D0F946804}.Debug|Any CPU.ActiveCfg = Debug|Any CPU
		{7D7CF2BA-35E5-488C-BBCB-869D0F946804}.Debug|Any CPU.Build.0 = Debug|Any CPU
		{7D7CF2BA-35E5-488C-BBCB-869D0F946804}.Release|Any CPU.ActiveCfg = Release|Any CPU
		{7D7CF2BA-35E5-488C-BBCB-869D0F946804}.Release|Any CPU.Build.0 = Release|Any CPU
		{7B5F5738-8C51-4F4F-8056-DD1DB566DB46}.Debug|Any CPU.ActiveCfg = Debug|Any CPU
		{7B5F5738-8C51-4F4F-8056-DD1DB566DB46}.Debug|Any CPU.Build.0 = Debug|Any CPU
		{7B5F5738-8C51-4F4F-8056-DD1DB566DB46}.Release|Any CPU.ActiveCfg = Release|Any CPU
		{7B5F5738-8C51-4F4F-8056-DD1DB566DB46}.Release|Any CPU.Build.0 = Release|Any CPU
	EndGlobalSection
	GlobalSection(SolutionProperties) = preSolution
		HideSolutionNode = FALSE
	EndGlobalSection
	GlobalSection(NestedProjects) = preSolution
		{7D7CF2BA-35E5-488C-BBCB-869D0F946804} = {F0213025-504E-4F69-B98D-34AB23A85001}
	EndGlobalSection
	GlobalSection(ExtensibilityGlobals) = postSolution
		SolutionGuid = {14B42CC4-D7D5-4F9B-B8FD-667F32B1B581}
	EndGlobalSection
EndGlobal
