
Microsoft Visual Studio Solution File, Format Version 12.00
# Visual Studio 15
VisualStudioVersion = 15.0.28307.168
MinimumVisualStudioVersion = 10.0.40219.1
Project("{2150E333-8FDC-42A3-9474-1A3956D46DE8}") = "tests", "tests", "{F0213025-504E-4F69-B98D-34AB23A85001}"
EndProject
Project("{9A19103F-16F7-4668-BE54-9A1E7A4F7556}") = "BalansTests", "tests\BalansTests\BalansTests.csproj", "{7D7CF2BA-35E5-488C-BBCB-869D0F946804}"
EndProject
Project("{9A19103F-16F7-4668-BE54-9A1E7A4F7556}") = "Balans", "src\Balans\Balans.csproj", "{7B5F5738-8C51-4F4F-8056-DD1DB566DB46}"
EndProject
Project("{2150E333-8FDC-42A3-9474-1A3956D46DE8}") = "ToDelete", "ToDelete", "{C823A0B9-AC24-4C2F-8217-F23A0C3AA050}"
EndProject
Project("{9A19103F-16F7-4668-BE54-9A1E7A4F7556}") = "Ghis.EventAggregator.Lib", "ToDelete\Ghis.EventAggregator.Lib\Ghis.EventAggregator.Lib.csproj", "{B61DF59B-E9AC-4148-8C46-01F67E1198C4}"
EndProject
Project("{9A19103F-16F7-4668-BE54-9A1E7A4F7556}") = "Ghis.EventAggregator.Lib.Tests", "ToDelete\Ghis.EventAggregator.Lib.Tests\Ghis.EventAggregator.Lib.Tests.csproj", "{B6D24515-11C0-46B5-910D-7C321D6E5379}"
EndProject
Project("{2150E333-8FDC-42A3-9474-1A3956D46DE8}") = "Components", "Components", "{D489D780-2E9F-4FD1-A43E-ED4A35807114}"
	ProjectSection(SolutionItems) = preProject
		..\..\Users\GhislainZeleu\eclipse-workspace\Udemy\AppArchitect.PNG = ..\..\Users\GhislainZeleu\eclipse-workspace\Udemy\AppArchitect.PNG
		src\Balans.TodoComp\README.md = src\Balans.TodoComp\README.md
	EndProjectSection
EndProject
Project("{FAE04EC0-301F-11D3-BF4B-00C04F79EFBC}") = "Balans.Layer.Entity", "src\Balans.Layer.Entity\Balans.Layer.Entity.csproj", "{7A9B7ACD-FFB2-4492-9CDC-29126FB7CD07}"
EndProject
Project("{FAE04EC0-301F-11D3-BF4B-00C04F79EFBC}") = "Balans.Layer.REST", "src\Balans.Layer.REST\Balans.Layer.REST.csproj", "{68FC1B6A-A4CE-4173-95B1-53B09DF294F0}"
EndProject
Project("{FAE04EC0-301F-11D3-BF4B-00C04F79EFBC}") = "Balans.Layer.DAO", "src\Balans.Layer.DAO\Balans.Layer.DAO.csproj", "{CF323451-90B7-4951-9881-F8441D0441BF}"
EndProject
Project("{2150E333-8FDC-42A3-9474-1A3956D46DE8}") = "Infrastructure", "Infrastructure", "{05427222-F07B-4B4B-860F-E2F2C8EC9124}"
EndProject
Project("{FAE04EC0-301F-11D3-BF4B-00C04F79EFBC}") = "Balans.Infrastructure.Web.WebSocketService", "src\Balans.Infrastructure.Web.WebSocketService\Balans.Infrastructure.Web.WebSocketService.csproj", "{FDEC5A83-2774-40DF-9742-3226CA6819E6}"
EndProject
Global
	GlobalSection(SolutionConfigurationPlatforms) = preSolution
		Debug|Any CPU = Debug|Any CPU
		Release|Any CPU = Release|Any CPU
	EndGlobalSection
	GlobalSection(ProjectConfigurationPlatforms) = postSolution
		{7D7CF2BA-35E5-488C-BBCB-869D0F946804}.Debug|Any CPU.ActiveCfg = Debug|Any CPU
		{7D7CF2BA-35E5-488C-BBCB-869D0F946804}.Debug|Any CPU.Build.0 = Debug|Any CPU
		{7D7CF2BA-35E5-488C-BBCB-869D0F946804}.Release|Any CPU.ActiveCfg = Release|Any CPU
		{7D7CF2BA-35E5-488C-BBCB-869D0F946804}.Release|Any CPU.Build.0 = Release|Any CPU
		{7B5F5738-8C51-4F4F-8056-DD1DB566DB46}.Debug|Any CPU.ActiveCfg = Debug|Any CPU
		{7B5F5738-8C51-4F4F-8056-DD1DB566DB46}.Debug|Any CPU.Build.0 = Debug|Any CPU
		{7B5F5738-8C51-4F4F-8056-DD1DB566DB46}.Release|Any CPU.ActiveCfg = Release|Any CPU
		{7B5F5738-8C51-4F4F-8056-DD1DB566DB46}.Release|Any CPU.Build.0 = Release|Any CPU
		{B61DF59B-E9AC-4148-8C46-01F67E1198C4}.Debug|Any CPU.ActiveCfg = Debug|Any CPU
		{B61DF59B-E9AC-4148-8C46-01F67E1198C4}.Debug|Any CPU.Build.0 = Debug|Any CPU
		{B61DF59B-E9AC-4148-8C46-01F67E1198C4}.Release|Any CPU.ActiveCfg = Release|Any CPU
		{B61DF59B-E9AC-4148-8C46-01F67E1198C4}.Release|Any CPU.Build.0 = Release|Any CPU
		{B6D24515-11C0-46B5-910D-7C321D6E5379}.Debug|Any CPU.ActiveCfg = Debug|Any CPU
		{B6D24515-11C0-46B5-910D-7C321D6E5379}.Debug|Any CPU.Build.0 = Debug|Any CPU
		{B6D24515-11C0-46B5-910D-7C321D6E5379}.Release|Any CPU.ActiveCfg = Release|Any CPU
		{B6D24515-11C0-46B5-910D-7C321D6E5379}.Release|Any CPU.Build.0 = Release|Any CPU
		{7A9B7ACD-FFB2-4492-9CDC-29126FB7CD07}.Debug|Any CPU.ActiveCfg = Debug|Any CPU
		{7A9B7ACD-FFB2-4492-9CDC-29126FB7CD07}.Debug|Any CPU.Build.0 = Debug|Any CPU
		{7A9B7ACD-FFB2-4492-9CDC-29126FB7CD07}.Release|Any CPU.ActiveCfg = Release|Any CPU
		{7A9B7ACD-FFB2-4492-9CDC-29126FB7CD07}.Release|Any CPU.Build.0 = Release|Any CPU
		{68FC1B6A-A4CE-4173-95B1-53B09DF294F0}.Debug|Any CPU.ActiveCfg = Debug|Any CPU
		{68FC1B6A-A4CE-4173-95B1-53B09DF294F0}.Debug|Any CPU.Build.0 = Debug|Any CPU
		{68FC1B6A-A4CE-4173-95B1-53B09DF294F0}.Release|Any CPU.ActiveCfg = Release|Any CPU
		{68FC1B6A-A4CE-4173-95B1-53B09DF294F0}.Release|Any CPU.Build.0 = Release|Any CPU
		{CF323451-90B7-4951-9881-F8441D0441BF}.Debug|Any CPU.ActiveCfg = Debug|Any CPU
		{CF323451-90B7-4951-9881-F8441D0441BF}.Debug|Any CPU.Build.0 = Debug|Any CPU
		{CF323451-90B7-4951-9881-F8441D0441BF}.Release|Any CPU.ActiveCfg = Release|Any CPU
		{CF323451-90B7-4951-9881-F8441D0441BF}.Release|Any CPU.Build.0 = Release|Any CPU
		{FDEC5A83-2774-40DF-9742-3226CA6819E6}.Debug|Any CPU.ActiveCfg = Debug|Any CPU
		{FDEC5A83-2774-40DF-9742-3226CA6819E6}.Debug|Any CPU.Build.0 = Debug|Any CPU
		{FDEC5A83-2774-40DF-9742-3226CA6819E6}.Release|Any CPU.ActiveCfg = Release|Any CPU
		{FDEC5A83-2774-40DF-9742-3226CA6819E6}.Release|Any CPU.Build.0 = Release|Any CPU
	EndGlobalSection
	GlobalSection(SolutionProperties) = preSolution
		HideSolutionNode = FALSE
	EndGlobalSection
	GlobalSection(NestedProjects) = preSolution
		{7D7CF2BA-35E5-488C-BBCB-869D0F946804} = {F0213025-504E-4F69-B98D-34AB23A85001}
		{B61DF59B-E9AC-4148-8C46-01F67E1198C4} = {C823A0B9-AC24-4C2F-8217-F23A0C3AA050}
		{B6D24515-11C0-46B5-910D-7C321D6E5379} = {C823A0B9-AC24-4C2F-8217-F23A0C3AA050}
		{7A9B7ACD-FFB2-4492-9CDC-29126FB7CD07} = {D489D780-2E9F-4FD1-A43E-ED4A35807114}
		{68FC1B6A-A4CE-4173-95B1-53B09DF294F0} = {D489D780-2E9F-4FD1-A43E-ED4A35807114}
		{CF323451-90B7-4951-9881-F8441D0441BF} = {D489D780-2E9F-4FD1-A43E-ED4A35807114}
		{FDEC5A83-2774-40DF-9742-3226CA6819E6} = {05427222-F07B-4B4B-860F-E2F2C8EC9124}
	EndGlobalSection
	GlobalSection(ExtensibilityGlobals) = postSolution
		SolutionGuid = {14B42CC4-D7D5-4F9B-B8FD-667F32B1B581}
	EndGlobalSection
EndGlobal
